
Microsoft Visual Studio Solution File, Format Version 12.00
# Visual Studio Version 16
VisualStudioVersion = 16.0.32002.261
MinimumVisualStudioVersion = 10.0.40219.1
Project("{FAE04EC0-301F-11D3-BF4B-00C04F79EFBC}") = "Sistema_Elitt", "Sistema_Elitt\Sistema_Elitt.csproj", "{32CD3FE6-E019-43EE-B523-FE386364489E}"
EndProject
Global
	GlobalSection(SolutionConfigurationPlatforms) = preSolution
		Debug|Any CPU = Debug|Any CPU
		Release|Any CPU = Release|Any CPU
	EndGlobalSection
	GlobalSection(ProjectConfigurationPlatforms) = postSolution
		{32CD3FE6-E019-43EE-B523-FE386364489E}.Debug|Any CPU.ActiveCfg = Debug|Any CPU
		{32CD3FE6-E019-43EE-B523-FE386364489E}.Debug|Any CPU.Build.0 = Debug|Any CPU
		{32CD3FE6-E019-43EE-B523-FE386364489E}.Release|Any CPU.ActiveCfg = Release|Any CPU
		{32CD3FE6-E019-43EE-B523-FE386364489E}.Release|Any CPU.Build.0 = Release|Any CPU
	EndGlobalSection
	GlobalSection(SolutionProperties) = preSolution
		HideSolutionNode = FALSE
	EndGlobalSection
	GlobalSection(ExtensibilityGlobals) = postSolution
		SolutionGuid = {EA2DC512-8186-4B0D-9C60-D6188AC59098}
	EndGlobalSection
EndGlobal
